
Microsoft Visual Studio Solution File, Format Version 12.00
# Visual Studio Version 17
VisualStudioVersion = 17.1.32210.238
MinimumVisualStudioVersion = 10.0.40219.1
Project("{9A19103F-16F7-4668-BE54-9A1E7A4F7556}") = "WordpressToMarkdown", "WordpressToMarkdown\WordpressToMarkdown.csproj", "{2B5C33F6-5260-4072-9457-3EF78D1C40F4}"
EndProject
Project("{2150E333-8FDC-42A3-9474-1A3956D46DE8}") = "Tests", "Tests", "{F5CCCB41-AFD1-4053-9337-584CF19994CF}"
EndProject
Project("{9A19103F-16F7-4668-BE54-9A1E7A4F7556}") = "WordpressToMarkdown.UnitTests", "WordpressToMarkdown.UnitTests\WordpressToMarkdown.UnitTests.csproj", "{D86339AB-AD9F-4E2C-AD3C-B539CB12D8B8}"
EndProject
Project("{2150E333-8FDC-42A3-9474-1A3956D46DE8}") = "Website", "Website", "{B91FC950-5629-41B1-BFB7-A1A1B972C100}"
EndProject
Project("{FAE04EC0-301F-11D3-BF4B-00C04F79EFBC}") = "MarkdownWordpress", "MarkdownWordpress\MarkdownWordpress.csproj", "{8C68D777-F69E-49C4-940D-AD7A0E67FDF9}"
EndProject
Global
	GlobalSection(SolutionConfigurationPlatforms) = preSolution
		Debug|Any CPU = Debug|Any CPU
		Release|Any CPU = Release|Any CPU
	EndGlobalSection
	GlobalSection(ProjectConfigurationPlatforms) = postSolution
		{2B5C33F6-5260-4072-9457-3EF78D1C40F4}.Debug|Any CPU.ActiveCfg = Debug|Any CPU
		{2B5C33F6-5260-4072-9457-3EF78D1C40F4}.Debug|Any CPU.Build.0 = Debug|Any CPU
		{2B5C33F6-5260-4072-9457-3EF78D1C40F4}.Release|Any CPU.ActiveCfg = Release|Any CPU
		{2B5C33F6-5260-4072-9457-3EF78D1C40F4}.Release|Any CPU.Build.0 = Release|Any CPU
		{D86339AB-AD9F-4E2C-AD3C-B539CB12D8B8}.Debug|Any CPU.ActiveCfg = Debug|Any CPU
		{D86339AB-AD9F-4E2C-AD3C-B539CB12D8B8}.Debug|Any CPU.Build.0 = Debug|Any CPU
		{D86339AB-AD9F-4E2C-AD3C-B539CB12D8B8}.Release|Any CPU.ActiveCfg = Release|Any CPU
		{D86339AB-AD9F-4E2C-AD3C-B539CB12D8B8}.Release|Any CPU.Build.0 = Release|Any CPU
		{8C68D777-F69E-49C4-940D-AD7A0E67FDF9}.Debug|Any CPU.ActiveCfg = Debug|Any CPU
		{8C68D777-F69E-49C4-940D-AD7A0E67FDF9}.Debug|Any CPU.Build.0 = Debug|Any CPU
		{8C68D777-F69E-49C4-940D-AD7A0E67FDF9}.Release|Any CPU.ActiveCfg = Release|Any CPU
		{8C68D777-F69E-49C4-940D-AD7A0E67FDF9}.Release|Any CPU.Build.0 = Release|Any CPU
	EndGlobalSection
	GlobalSection(SolutionProperties) = preSolution
		HideSolutionNode = FALSE
	EndGlobalSection
	GlobalSection(NestedProjects) = preSolution
		{D86339AB-AD9F-4E2C-AD3C-B539CB12D8B8} = {F5CCCB41-AFD1-4053-9337-584CF19994CF}
		{8C68D777-F69E-49C4-940D-AD7A0E67FDF9} = {B91FC950-5629-41B1-BFB7-A1A1B972C100}
	EndGlobalSection
	GlobalSection(ExtensibilityGlobals) = postSolution
		SolutionGuid = {486AC772-9E85-4775-A312-B412204A5E8F}
	EndGlobalSection
EndGlobal
